// !$*UTF8*$!
{
	archiveVersion = 1;
	classes = {
	};
	objectVersion = 48;
	objects = {

/* Begin PBXBuildFile section */
		70E2731922662F5A001155D2 /* AppDelegate.swift in Sources */ = {isa = PBXBuildFile; fileRef = 70E2731822662F5A001155D2 /* AppDelegate.swift */; };
		70E2731B22662F5A001155D2 /* LoginController.swift in Sources */ = {isa = PBXBuildFile; fileRef = 70E2731A22662F5A001155D2 /* LoginController.swift */; };
		70E2731E22662F5A001155D2 /* Main.storyboard in Resources */ = {isa = PBXBuildFile; fileRef = 70E2731C22662F5A001155D2 /* Main.storyboard */; };
		70E2732022662F5A001155D2 /* Assets.xcassets in Resources */ = {isa = PBXBuildFile; fileRef = 70E2731F22662F5A001155D2 /* Assets.xcassets */; };
		70E2732322662F5A001155D2 /* LaunchScreen.storyboard in Resources */ = {isa = PBXBuildFile; fileRef = 70E2732122662F5A001155D2 /* LaunchScreen.storyboard */; };
		70E2732B226630EC001155D2 /* LoginViewModel.swift in Sources */ = {isa = PBXBuildFile; fileRef = 70E2732A226630EC001155D2 /* LoginViewModel.swift */; };
		70E2732D22663147001155D2 /* UserModel.swift in Sources */ = {isa = PBXBuildFile; fileRef = 70E2732C22663147001155D2 /* UserModel.swift */; };
		70E273312266333B001155D2 /* Extensions.swift in Sources */ = {isa = PBXBuildFile; fileRef = 70E273302266333B001155D2 /* Extensions.swift */; };
		70E27334226637E4001155D2 /* NetworkManager.swift in Sources */ = {isa = PBXBuildFile; fileRef = 70E27333226637E4001155D2 /* NetworkManager.swift */; };
		70E2733622663BE7001155D2 /* LoginServiceManager.swift in Sources */ = {isa = PBXBuildFile; fileRef = 70E2733522663BE7001155D2 /* LoginServiceManager.swift */; };
/* End PBXBuildFile section */

/* Begin PBXFileReference section */
		70E2731522662F5A001155D2 /* MVVMDemo.app */ = {isa = PBXFileReference; explicitFileType = wrapper.application; includeInIndex = 0; path = MVVMDemo.app; sourceTree = BUILT_PRODUCTS_DIR; };
		70E2731822662F5A001155D2 /* AppDelegate.swift */ = {isa = PBXFileReference; lastKnownFileType = sourcecode.swift; path = AppDelegate.swift; sourceTree = "<group>"; };
		70E2731A22662F5A001155D2 /* LoginController.swift */ = {isa = PBXFileReference; lastKnownFileType = sourcecode.swift; path = LoginController.swift; sourceTree = "<group>"; };
		70E2731D22662F5A001155D2 /* Base */ = {isa = PBXFileReference; lastKnownFileType = file.storyboard; name = Base; path = Base.lproj/Main.storyboard; sourceTree = "<group>"; };
		70E2731F22662F5A001155D2 /* Assets.xcassets */ = {isa = PBXFileReference; lastKnownFileType = folder.assetcatalog; path = Assets.xcassets; sourceTree = "<group>"; };
		70E2732222662F5A001155D2 /* Base */ = {isa = PBXFileReference; lastKnownFileType = file.storyboard; name = Base; path = Base.lproj/LaunchScreen.storyboard; sourceTree = "<group>"; };
		70E2732422662F5A001155D2 /* Info.plist */ = {isa = PBXFileReference; lastKnownFileType = text.plist.xml; path = Info.plist; sourceTree = "<group>"; };
		70E2732A226630EC001155D2 /* LoginViewModel.swift */ = {isa = PBXFileReference; lastKnownFileType = sourcecode.swift; path = LoginViewModel.swift; sourceTree = "<group>"; };
		70E2732C22663147001155D2 /* UserModel.swift */ = {isa = PBXFileReference; lastKnownFileType = sourcecode.swift; path = UserModel.swift; sourceTree = "<group>"; };
		70E273302266333B001155D2 /* Extensions.swift */ = {isa = PBXFileReference; lastKnownFileType = sourcecode.swift; path = Extensions.swift; sourceTree = "<group>"; };
		70E27333226637E4001155D2 /* NetworkManager.swift */ = {isa = PBXFileReference; lastKnownFileType = sourcecode.swift; path = NetworkManager.swift; sourceTree = "<group>"; };
		70E2733522663BE7001155D2 /* LoginServiceManager.swift */ = {isa = PBXFileReference; lastKnownFileType = sourcecode.swift; path = LoginServiceManager.swift; sourceTree = "<group>"; };
/* End PBXFileReference section */

/* Begin PBXFrameworksBuildPhase section */
		70E2731222662F5A001155D2 /* Frameworks */ = {
			isa = PBXFrameworksBuildPhase;
			buildActionMask = 2147483647;
			files = (
			);
			runOnlyForDeploymentPostprocessing = 0;
		};
/* End PBXFrameworksBuildPhase section */

/* Begin PBXGroup section */
		70E2730C22662F5A001155D2 = {
			isa = PBXGroup;
			children = (
				70E2731722662F5A001155D2 /* MVVMDemo */,
				70E2731622662F5A001155D2 /* Products */,
			);
			sourceTree = "<group>";
		};
		70E2731622662F5A001155D2 /* Products */ = {
			isa = PBXGroup;
			children = (
				70E2731522662F5A001155D2 /* MVVMDemo.app */,
			);
			name = Products;
			sourceTree = "<group>";
		};
		70E2731722662F5A001155D2 /* MVVMDemo */ = {
			isa = PBXGroup;
			children = (
				70E2733222663726001155D2 /* NetworkClass */,
				70E2732F226632F0001155D2 /* Extensions */,
				70E2732E2266314E001155D2 /* Login */,
				70E2731822662F5A001155D2 /* AppDelegate.swift */,
				70E2732122662F5A001155D2 /* LaunchScreen.storyboard */,
				70E2731C22662F5A001155D2 /* Main.storyboard */,
				70E2731F22662F5A001155D2 /* Assets.xcassets */,
				70E2732422662F5A001155D2 /* Info.plist */,
			);
			path = MVVMDemo;
			sourceTree = "<group>";
		};
		70E2732E2266314E001155D2 /* Login */ = {
			isa = PBXGroup;
			children = (
				70E2732C22663147001155D2 /* UserModel.swift */,
				70E2731A22662F5A001155D2 /* LoginController.swift */,
				70E2732A226630EC001155D2 /* LoginViewModel.swift */,
				70E2733522663BE7001155D2 /* LoginServiceManager.swift */,
			);
			path = Login;
			sourceTree = "<group>";
		};
		70E2732F226632F0001155D2 /* Extensions */ = {
			isa = PBXGroup;
			children = (
				70E273302266333B001155D2 /* Extensions.swift */,
			);
			path = Extensions;
			sourceTree = "<group>";
		};
		70E2733222663726001155D2 /* NetworkClass */ = {
			isa = PBXGroup;
			children = (
				70E27333226637E4001155D2 /* NetworkManager.swift */,
			);
			path = NetworkClass;
			sourceTree = "<group>";
		};
/* End PBXGroup section */

/* Begin PBXNativeTarget section */
		70E2731422662F5A001155D2 /* MVVMDemo */ = {
			isa = PBXNativeTarget;
			buildConfigurationList = 70E2732722662F5A001155D2 /* Build configuration list for PBXNativeTarget "MVVMDemo" */;
			buildPhases = (
				70E2731122662F5A001155D2 /* Sources */,
				70E2731222662F5A001155D2 /* Frameworks */,
				70E2731322662F5A001155D2 /* Resources */,
			);
			buildRules = (
			);
			dependencies = (
			);
			name = MVVMDemo;
			productName = MVVMDemo;
			productReference = 70E2731522662F5A001155D2 /* MVVMDemo.app */;
			productType = "com.apple.product-type.application";
		};
/* End PBXNativeTarget section */

/* Begin PBXProject section */
		70E2730D22662F5A001155D2 /* Project object */ = {
			isa = PBXProject;
			attributes = {
				LastSwiftUpdateCheck = 0900;
				LastUpgradeCheck = 0900;
				ORGANIZATIONNAME = Suman;
				TargetAttributes = {
					70E2731422662F5A001155D2 = {
						CreatedOnToolsVersion = 9.0;
						ProvisioningStyle = Automatic;
					};
				};
			};
			buildConfigurationList = 70E2731022662F5A001155D2 /* Build configuration list for PBXProject "MVVMDemo" */;
			compatibilityVersion = "Xcode 8.0";
			developmentRegion = en;
			hasScannedForEncodings = 0;
			knownRegions = (
				en,
				Base,
			);
			mainGroup = 70E2730C22662F5A001155D2;
			productRefGroup = 70E2731622662F5A001155D2 /* Products */;
			projectDirPath = "";
			projectRoot = "";
			targets = (
				70E2731422662F5A001155D2 /* MVVMDemo */,
			);
		};
/* End PBXProject section */

/* Begin PBXResourcesBuildPhase section */
		70E2731322662F5A001155D2 /* Resources */ = {
			isa = PBXResourcesBuildPhase;
			buildActionMask = 2147483647;
			files = (
				70E2732322662F5A001155D2 /* LaunchScreen.storyboard in Resources */,
				70E2732022662F5A001155D2 /* Assets.xcassets in Resources */,
				70E2731E22662F5A001155D2 /* Main.storyboard in Resources */,
			);
			runOnlyForDeploymentPostprocessing = 0;
		};
/* End PBXResourcesBuildPhase section */

/* Begin PBXSourcesBuildPhase section */
		70E2731122662F5A001155D2 /* Sources */ = {
			isa = PBXSourcesBuildPhase;
			buildActionMask = 2147483647;
			files = (
				70E273312266333B001155D2 /* Extensions.swift in Sources */,
				70E27334226637E4001155D2 /* NetworkManager.swift in Sources */,
				70E2731B22662F5A001155D2 /* LoginController.swift in Sources */,
				70E2731922662F5A001155D2 /* AppDelegate.swift in Sources */,
				70E2733622663BE7001155D2 /* LoginServiceManager.swift in Sources */,
				70E2732D22663147001155D2 /* UserModel.swift in Sources */,
				70E2732B226630EC001155D2 /* LoginViewModel.swift in Sources */,
			);
			runOnlyForDeploymentPostprocessing = 0;
		};
/* End PBXSourcesBuildPhase section */

/* Begin PBXVariantGroup section */
		70E2731C22662F5A001155D2 /* Main.storyboard */ = {
			isa = PBXVariantGroup;
			children = (
				70E2731D22662F5A001155D2 /* Base */,
			);
			name = Main.storyboard;
			sourceTree = "<group>";
		};
		70E2732122662F5A001155D2 /* LaunchScreen.storyboard */ = {
			isa = PBXVariantGroup;
			children = (
				70E2732222662F5A001155D2 /* Base */,
			);
			name = LaunchScreen.storyboard;
			sourceTree = "<group>";
		};
/* End PBXVariantGroup section */

/* Begin XCBuildConfiguration section */
		70E2732522662F5A001155D2 /* Debug */ = {
			isa = XCBuildConfiguration;
			buildSettings = {
				ALWAYS_SEARCH_USER_PATHS = NO;
				CLANG_ANALYZER_NONNULL = YES;
				CLANG_ANALYZER_NUMBER_OBJECT_CONVERSION = YES_AGGRESSIVE;
				CLANG_CXX_LANGUAGE_STANDARD = "gnu++14";
				CLANG_CXX_LIBRARY = "libc++";
				CLANG_ENABLE_MODULES = YES;
				CLANG_ENABLE_OBJC_ARC = YES;
				CLANG_WARN_BLOCK_CAPTURE_AUTORELEASING = YES;
				CLANG_WARN_BOOL_CONVERSION = YES;
				CLANG_WARN_COMMA = YES;
				CLANG_WARN_CONSTANT_CONVERSION = YES;
				CLANG_WARN_DIRECT_OBJC_ISA_USAGE = YES_ERROR;
				CLANG_WARN_DOCUMENTATION_COMMENTS = YES;
				CLANG_WARN_EMPTY_BODY = YES;
				CLANG_WARN_ENUM_CONVERSION = YES;
				CLANG_WARN_INFINITE_RECURSION = YES;
				CLANG_WARN_INT_CONVERSION = YES;
				CLANG_WARN_NON_LITERAL_NULL_CONVERSION = YES;
				CLANG_WARN_OBJC_LITERAL_CONVERSION = YES;
				CLANG_WARN_OBJC_ROOT_CLASS = YES_ERROR;
				CLANG_WARN_RANGE_LOOP_ANALYSIS = YES;
				CLANG_WARN_STRICT_PROTOTYPES = YES;
				CLANG_WARN_SUSPICIOUS_MOVE = YES;
				CLANG_WARN_UNGUARDED_AVAILABILITY = YES_AGGRESSIVE;
				CLANG_WARN_UNREACHABLE_CODE = YES;
				CLANG_WARN__DUPLICATE_METHOD_MATCH = YES;
				CODE_SIGN_IDENTITY = "iPhone Developer";
				COPY_PHASE_STRIP = NO;
				DEBUG_INFORMATION_FORMAT = dwarf;
				ENABLE_STRICT_OBJC_MSGSEND = YES;
				ENABLE_TESTABILITY = YES;
				GCC_C_LANGUAGE_STANDARD = gnu11;
				GCC_DYNAMIC_NO_PIC = NO;
				GCC_NO_COMMON_BLOCKS = YES;
				GCC_OPTIMIZATION_LEVEL = 0;
				GCC_PREPROCESSOR_DEFINITIONS = (
					"DEBUG=1",
					"$(inherited)",
				);
				GCC_WARN_64_TO_32_BIT_CONVERSION = YES;
				GCC_WARN_ABOUT_RETURN_TYPE = YES_ERROR;
				GCC_WARN_UNDECLARED_SELECTOR = YES;
				GCC_WARN_UNINITIALIZED_AUTOS = YES_AGGRESSIVE;
				GCC_WARN_UNUSED_FUNCTION = YES;
				GCC_WARN_UNUSED_VARIABLE = YES;
				IPHONEOS_DEPLOYMENT_TARGET = 11.0;
				MTL_ENABLE_DEBUG_INFO = YES;
				ONLY_ACTIVE_ARCH = YES;
				SDKROOT = iphoneos;
				SWIFT_ACTIVE_COMPILATION_CONDITIONS = DEBUG;
				SWIFT_OPTIMIZATION_LEVEL = "-Onone";
			};
			name = Debug;
		};
		70E2732622662F5A001155D2 /* Release */ = {
			isa = XCBuildConfiguration;
			buildSettings = {
				ALWAYS_SEARCH_USER_PATHS = NO;
				CLANG_ANALYZER_NONNULL = YES;
				CLANG_ANALYZER_NUMBER_OBJECT_CONVERSION = YES_AGGRESSIVE;
				CLANG_CXX_LANGUAGE_STANDARD = "gnu++14";
				CLANG_CXX_LIBRARY = "libc++";
				CLANG_ENABLE_MODULES = YES;
				CLANG_ENABLE_OBJC_ARC = YES;
				CLANG_WARN_BLOCK_CAPTURE_AUTORELEASING = YES;
				CLANG_WARN_BOOL_CONVERSION = YES;
				CLANG_WARN_COMMA = YES;
				CLANG_WARN_CONSTANT_CONVERSION = YES;
				CLANG_WARN_DIRECT_OBJC_ISA_USAGE = YES_ERROR;
				CLANG_WARN_DOCUMENTATION_COMMENTS = YES;
				CLANG_WARN_EMPTY_BODY = YES;
				CLANG_WARN_ENUM_CONVERSION = YES;
				CLANG_WARN_INFINITE_RECURSION = YES;
				CLANG_WARN_INT_CONVERSION = YES;
				CLANG_WARN_NON_LITERAL_NULL_CONVERSION = YES;
				CLANG_WARN_OBJC_LITERAL_CONVERSION = YES;
				CLANG_WARN_OBJC_ROOT_CLASS = YES_ERROR;
				CLANG_WARN_RANGE_LOOP_ANALYSIS = YES;
				CLANG_WARN_STRICT_PROTOTYPES = YES;
				CLANG_WARN_SUSPICIOUS_MOVE = YES;
				CLANG_WARN_UNGUARDED_AVAILABILITY = YES_AGGRESSIVE;
				CLANG_WARN_UNREACHABLE_CODE = YES;
				CLANG_WARN__DUPLICATE_METHOD_MATCH = YES;
				CODE_SIGN_IDENTITY = "iPhone Developer";
				COPY_PHASE_STRIP = NO;
				DEBUG_INFORMATION_FORMAT = "dwarf-with-dsym";
				ENABLE_NS_ASSERTIONS = NO;
				ENABLE_STRICT_OBJC_MSGSEND = YES;
				GCC_C_LANGUAGE_STANDARD = gnu11;
				GCC_NO_COMMON_BLOCKS = YES;
				GCC_WARN_64_TO_32_BIT_CONVERSION = YES;
				GCC_WARN_ABOUT_RETURN_TYPE = YES_ERROR;
				GCC_WARN_UNDECLARED_SELECTOR = YES;
				GCC_WARN_UNINITIALIZED_AUTOS = YES_AGGRESSIVE;
				GCC_WARN_UNUSED_FUNCTION = YES;
				GCC_WARN_UNUSED_VARIABLE = YES;
				IPHONEOS_DEPLOYMENT_TARGET = 11.0;
				MTL_ENABLE_DEBUG_INFO = NO;
				SDKROOT = iphoneos;
				SWIFT_OPTIMIZATION_LEVEL = "-Owholemodule";
				VALIDATE_PRODUCT = YES;
			};
			name = Release;
		};
		70E2732822662F5A001155D2 /* Debug */ = {
			isa = XCBuildConfiguration;
			buildSettings = {
				ASSETCATALOG_COMPILER_APPICON_NAME = AppIcon;
				CODE_SIGN_STYLE = Automatic;
				INFOPLIST_FILE = MVVMDemo/Info.plist;
				LD_RUNPATH_SEARCH_PATHS = "$(inherited) @executable_path/Frameworks";
				PRODUCT_BUNDLE_IDENTIFIER = com.suman.MVVMDemo;
				PRODUCT_NAME = "$(TARGET_NAME)";
				SWIFT_VERSION = 4.0;
				TARGETED_DEVICE_FAMILY = "1,2";
			};
			name = Debug;
		};
		70E2732922662F5A001155D2 /* Release */ = {
			isa = XCBuildConfiguration;
			buildSettings = {
				ASSETCATALOG_COMPILER_APPICON_NAME = AppIcon;
				CODE_SIGN_STYLE = Automatic;
				INFOPLIST_FILE = MVVMDemo/Info.plist;
				LD_RUNPATH_SEARCH_PATHS = "$(inherited) @executable_path/Frameworks";
				PRODUCT_BUNDLE_IDENTIFIER = com.suman.MVVMDemo;
				PRODUCT_NAME = "$(TARGET_NAME)";
				SWIFT_VERSION = 4.0;
				TARGETED_DEVICE_FAMILY = "1,2";
			};
			name = Release;
		};
/* End XCBuildConfiguration section */

/* Begin XCConfigurationList section */
		70E2731022662F5A001155D2 /* Build configuration list for PBXProject "MVVMDemo" */ = {
			isa = XCConfigurationList;
			buildConfigurations = (
				70E2732522662F5A001155D2 /* Debug */,
				70E2732622662F5A001155D2 /* Release */,
			);
			defaultConfigurationIsVisible = 0;
			defaultConfigurationName = Release;
		};
		70E2732722662F5A001155D2 /* Build configuration list for PBXNativeTarget "MVVMDemo" */ = {
			isa = XCConfigurationList;
			buildConfigurations = (
				70E2732822662F5A001155D2 /* Debug */,
				70E2732922662F5A001155D2 /* Release */,
			);
			defaultConfigurationIsVisible = 0;
			defaultConfigurationName = Release;
		};
/* End XCConfigurationList section */
	};
	rootObject = 70E2730D22662F5A001155D2 /* Project object */;
}
